
Microsoft Visual Studio Solution File, Format Version 12.00
# Visual Studio Version 17
VisualStudioVersion = 17.8.34525.116
MinimumVisualStudioVersion = 10.0.40219.1
Project("{9A19103F-16F7-4668-BE54-9A1E7A4F7556}") = "MicroservicesUser.Web", "MicroservicesUser.Web\MicroservicesUser.Web.csproj", "{0E8DD569-0F60-4C82-8E9C-47E4B08829BF}"
EndProject
Project("{FAE04EC0-301F-11D3-BF4B-00C04F79EFBC}") = "MicroservicesUser.BusinessLogic", "Microservices.BusinessLogic\MicroservicesUser.BusinessLogic.csproj", "{54DF469D-E4B5-4A8D-9937-DBB200DAADB1}"
EndProject
Project("{FAE04EC0-301F-11D3-BF4B-00C04F79EFBC}") = "MicroservicesUser.DataAccess", "Microservices.DataAccess\MicroservicesUser.DataAccess.csproj", "{CADDAF6E-AAF8-461E-AC63-3E26BE544E56}"
EndProject
Project("{FAE04EC0-301F-11D3-BF4B-00C04F79EFBC}") = "MicroservicesUser.Migrations", "MicroservicesUser.Migrations\MicroservicesUser.Migrations.csproj", "{917564B3-85B1-4240-903B-FDE61B1EFB05}"
EndProject
Project("{FAE04EC0-301F-11D3-BF4B-00C04F79EFBC}") = "Microservices.Common", "Microservices.Common\Microservices.Common.csproj", "{48F8BC64-DE67-47FB-B40D-04171FD584CA}"
EndProject
Project("{FAE04EC0-301F-11D3-BF4B-00C04F79EFBC}") = "Microservices.Models", "Microservices.Models\Microservices.Models.csproj", "{112D7E0C-359B-4C3F-A02B-9D236B7841D7}"
EndProject
Global
	GlobalSection(SolutionConfigurationPlatforms) = preSolution
		Debug|Any CPU = Debug|Any CPU
		Release|Any CPU = Release|Any CPU
	EndGlobalSection
	GlobalSection(ProjectConfigurationPlatforms) = postSolution
		{0E8DD569-0F60-4C82-8E9C-47E4B08829BF}.Debug|Any CPU.ActiveCfg = Debug|Any CPU
		{0E8DD569-0F60-4C82-8E9C-47E4B08829BF}.Debug|Any CPU.Build.0 = Debug|Any CPU
		{0E8DD569-0F60-4C82-8E9C-47E4B08829BF}.Release|Any CPU.ActiveCfg = Release|Any CPU
		{0E8DD569-0F60-4C82-8E9C-47E4B08829BF}.Release|Any CPU.Build.0 = Release|Any CPU
		{54DF469D-E4B5-4A8D-9937-DBB200DAADB1}.Debug|Any CPU.ActiveCfg = Debug|Any CPU
		{54DF469D-E4B5-4A8D-9937-DBB200DAADB1}.Debug|Any CPU.Build.0 = Debug|Any CPU
		{54DF469D-E4B5-4A8D-9937-DBB200DAADB1}.Release|Any CPU.ActiveCfg = Release|Any CPU
		{54DF469D-E4B5-4A8D-9937-DBB200DAADB1}.Release|Any CPU.Build.0 = Release|Any CPU
		{CADDAF6E-AAF8-461E-AC63-3E26BE544E56}.Debug|Any CPU.ActiveCfg = Debug|Any CPU
		{CADDAF6E-AAF8-461E-AC63-3E26BE544E56}.Debug|Any CPU.Build.0 = Debug|Any CPU
		{CADDAF6E-AAF8-461E-AC63-3E26BE544E56}.Release|Any CPU.ActiveCfg = Release|Any CPU
		{CADDAF6E-AAF8-461E-AC63-3E26BE544E56}.Release|Any CPU.Build.0 = Release|Any CPU
		{917564B3-85B1-4240-903B-FDE61B1EFB05}.Debug|Any CPU.ActiveCfg = Debug|Any CPU
		{917564B3-85B1-4240-903B-FDE61B1EFB05}.Debug|Any CPU.Build.0 = Debug|Any CPU
		{917564B3-85B1-4240-903B-FDE61B1EFB05}.Release|Any CPU.ActiveCfg = Release|Any CPU
		{917564B3-85B1-4240-903B-FDE61B1EFB05}.Release|Any CPU.Build.0 = Release|Any CPU
		{48F8BC64-DE67-47FB-B40D-04171FD584CA}.Debug|Any CPU.ActiveCfg = Debug|Any CPU
		{48F8BC64-DE67-47FB-B40D-04171FD584CA}.Debug|Any CPU.Build.0 = Debug|Any CPU
		{48F8BC64-DE67-47FB-B40D-04171FD584CA}.Release|Any CPU.ActiveCfg = Release|Any CPU
		{48F8BC64-DE67-47FB-B40D-04171FD584CA}.Release|Any CPU.Build.0 = Release|Any CPU
		{112D7E0C-359B-4C3F-A02B-9D236B7841D7}.Debug|Any CPU.ActiveCfg = Debug|Any CPU
		{112D7E0C-359B-4C3F-A02B-9D236B7841D7}.Debug|Any CPU.Build.0 = Debug|Any CPU
		{112D7E0C-359B-4C3F-A02B-9D236B7841D7}.Release|Any CPU.ActiveCfg = Release|Any CPU
		{112D7E0C-359B-4C3F-A02B-9D236B7841D7}.Release|Any CPU.Build.0 = Release|Any CPU
	EndGlobalSection
	GlobalSection(SolutionProperties) = preSolution
		HideSolutionNode = FALSE
	EndGlobalSection
	GlobalSection(ExtensibilityGlobals) = postSolution
		SolutionGuid = {66EADA92-DC8E-4CE7-82BB-9AC3AF92623C}
	EndGlobalSection
EndGlobal
