
Microsoft Visual Studio Solution File, Format Version 12.00
# Visual Studio Version 17
VisualStudioVersion = 17.8.34525.116
MinimumVisualStudioVersion = 10.0.40219.1
Project("{9A19103F-16F7-4668-BE54-9A1E7A4F7556}") = "MicroservicesUser.Web", "MicroservicesUser.Web\MicroservicesUser.Web.csproj", "{0E8DD569-0F60-4C82-8E9C-47E4B08829BF}"
EndProject
Global
	GlobalSection(SolutionConfigurationPlatforms) = preSolution
		Debug|Any CPU = Debug|Any CPU
		Release|Any CPU = Release|Any CPU
	EndGlobalSection
	GlobalSection(ProjectConfigurationPlatforms) = postSolution
		{0E8DD569-0F60-4C82-8E9C-47E4B08829BF}.Debug|Any CPU.ActiveCfg = Debug|Any CPU
		{0E8DD569-0F60-4C82-8E9C-47E4B08829BF}.Debug|Any CPU.Build.0 = Debug|Any CPU
		{0E8DD569-0F60-4C82-8E9C-47E4B08829BF}.Release|Any CPU.ActiveCfg = Release|Any CPU
		{0E8DD569-0F60-4C82-8E9C-47E4B08829BF}.Release|Any CPU.Build.0 = Release|Any CPU
	EndGlobalSection
	GlobalSection(SolutionProperties) = preSolution
		HideSolutionNode = FALSE
	EndGlobalSection
	GlobalSection(ExtensibilityGlobals) = postSolution
		SolutionGuid = {66EADA92-DC8E-4CE7-82BB-9AC3AF92623C}
	EndGlobalSection
EndGlobal
